<Solution>
  <Folder Name="/Solution Items/">
    <File Path="Directory.Packages.props" />
  </Folder>
  <Project Path="Attendly.Android/Attendly.Android.csproj">
    <Deploy Solution="Debug|*" />
  </Project>
  <Project Path="Attendly.Desktop/Attendly.Desktop.csproj" />
  <Project Path="Attendly.iOS/Attendly.iOS.csproj" />
  <Project Path="Attendly/Attendly.csproj" />
</Solution>
